
Microsoft Visual Studio Solution File, Format Version 12.00
# Visual Studio Version 16
VisualStudioVersion = 16.0.31402.337
MinimumVisualStudioVersion = 10.0.40219.1
Project("{FAE04EC0-301F-11D3-BF4B-00C04F79EFBC}") = "Laboratory work 15", "Laboratory work 15.csproj", "{F41B0AF0-D7D2-44BE-8D8F-ED640BBF9665}"
EndProject
Global
	GlobalSection(SolutionConfigurationPlatforms) = preSolution
		Debug|Any CPU = Debug|Any CPU
		Release|Any CPU = Release|Any CPU
	EndGlobalSection
	GlobalSection(ProjectConfigurationPlatforms) = postSolution
		{F41B0AF0-D7D2-44BE-8D8F-ED640BBF9665}.Debug|Any CPU.ActiveCfg = Debug|Any CPU
		{F41B0AF0-D7D2-44BE-8D8F-ED640BBF9665}.Debug|Any CPU.Build.0 = Debug|Any CPU
		{F41B0AF0-D7D2-44BE-8D8F-ED640BBF9665}.Release|Any CPU.ActiveCfg = Release|Any CPU
		{F41B0AF0-D7D2-44BE-8D8F-ED640BBF9665}.Release|Any CPU.Build.0 = Release|Any CPU
	EndGlobalSection
	GlobalSection(SolutionProperties) = preSolution
		HideSolutionNode = FALSE
	EndGlobalSection
	GlobalSection(ExtensibilityGlobals) = postSolution
		SolutionGuid = {1450B686-8757-464A-9C15-742A9D79781E}
	EndGlobalSection
EndGlobal
